
Microsoft Visual Studio Solution File, Format Version 12.00
Project("{FAE04EC0-301F-11D3-BF4B-00C04F79EFBC}") = "Minfys", "Minfys\Minfys.csproj", "{7E746B8B-0947-4406-80FA-51A21FDF3DCE}"
EndProject
Project("{FAE04EC0-301F-11D3-BF4B-00C04F79EFBC}") = "Minfys.Tests", "Minfys.Tests\Minfys.Tests.csproj", "{B466A078-6ECE-4E31-8144-A667C0B5B6AA}"
EndProject
Global
	GlobalSection(SolutionConfigurationPlatforms) = preSolution
		Debug|Any CPU = Debug|Any CPU
		Release|Any CPU = Release|Any CPU
	EndGlobalSection
	GlobalSection(ProjectConfigurationPlatforms) = postSolution
		{7E746B8B-0947-4406-80FA-51A21FDF3DCE}.Debug|Any CPU.ActiveCfg = Debug|Any CPU
		{7E746B8B-0947-4406-80FA-51A21FDF3DCE}.Debug|Any CPU.Build.0 = Debug|Any CPU
		{7E746B8B-0947-4406-80FA-51A21FDF3DCE}.Release|Any CPU.ActiveCfg = Release|Any CPU
		{7E746B8B-0947-4406-80FA-51A21FDF3DCE}.Release|Any CPU.Build.0 = Release|Any CPU
		{B466A078-6ECE-4E31-8144-A667C0B5B6AA}.Debug|Any CPU.ActiveCfg = Debug|Any CPU
		{B466A078-6ECE-4E31-8144-A667C0B5B6AA}.Debug|Any CPU.Build.0 = Debug|Any CPU
		{B466A078-6ECE-4E31-8144-A667C0B5B6AA}.Release|Any CPU.ActiveCfg = Release|Any CPU
		{B466A078-6ECE-4E31-8144-A667C0B5B6AA}.Release|Any CPU.Build.0 = Release|Any CPU
	EndGlobalSection
EndGlobal
